
Microsoft Visual Studio Solution File, Format Version 12.00
# Visual Studio 15
VisualStudioVersion = 15.0.28307.705
MinimumVisualStudioVersion = 10.0.40219.1
Project("{FAE04EC0-301F-11D3-BF4B-00C04F79EFBC}") = "Libreria", "Libreria\Libreria.csproj", "{F121A4D7-7F5E-4470-A148-D8D95CDF49B2}"
EndProject
Global
	GlobalSection(SolutionConfigurationPlatforms) = preSolution
		Debug|Any CPU = Debug|Any CPU
		Release|Any CPU = Release|Any CPU
	EndGlobalSection
	GlobalSection(ProjectConfigurationPlatforms) = postSolution
		{F121A4D7-7F5E-4470-A148-D8D95CDF49B2}.Debug|Any CPU.ActiveCfg = Debug|Any CPU
		{F121A4D7-7F5E-4470-A148-D8D95CDF49B2}.Debug|Any CPU.Build.0 = Debug|Any CPU
		{F121A4D7-7F5E-4470-A148-D8D95CDF49B2}.Release|Any CPU.ActiveCfg = Release|Any CPU
		{F121A4D7-7F5E-4470-A148-D8D95CDF49B2}.Release|Any CPU.Build.0 = Release|Any CPU
	EndGlobalSection
	GlobalSection(SolutionProperties) = preSolution
		HideSolutionNode = FALSE
	EndGlobalSection
	GlobalSection(ExtensibilityGlobals) = postSolution
		SolutionGuid = {A9412ED6-ECE0-43F9-AC01-0D1AFD3EF7E0}
	EndGlobalSection
EndGlobal
